// !$*UTF8*$!
{
	archiveVersion = 1;
	classes = {
	};
	objectVersion = 46;
	objects = {

/* Begin PBXBuildFile section */
		3457F4B818C487F5001C4400 /* Foundation.framework in Frameworks */ = {isa = PBXBuildFile; fileRef = 3457F4B718C487F4001C4400 /* Foundation.framework */; };
		3457F4BA18C487F5001C4400 /* CoreGraphics.framework in Frameworks */ = {isa = PBXBuildFile; fileRef = 3457F4B918C487F5001C4400 /* CoreGraphics.framework */; };
		3457F4BC18C487F5001C4400 /* UIKit.framework in Frameworks */ = {isa = PBXBuildFile; fileRef = 3457F4BB18C487F5001C4400 /* UIKit.framework */; };
		3457F4C218C487F5001C4400 /* InfoPlist.strings in Resources */ = {isa = PBXBuildFile; fileRef = 3457F4C018C487F5001C4400 /* InfoPlist.strings */; };
		3457F4C418C487F5001C4400 /* main.m in Sources */ = {isa = PBXBuildFile; fileRef = 3457F4C318C487F5001C4400 /* main.m */; };
		3457F4C818C487F5001C4400 /* AppDelegate.m in Sources */ = {isa = PBXBuildFile; fileRef = 3457F4C718C487F5001C4400 /* AppDelegate.m */; };
		3457F4CB18C487F5001C4400 /* Main.storyboard in Resources */ = {isa = PBXBuildFile; fileRef = 3457F4C918C487F5001C4400 /* Main.storyboard */; };
		3457F4D018C487F5001C4400 /* Images.xcassets in Resources */ = {isa = PBXBuildFile; fileRef = 3457F4CF18C487F5001C4400 /* Images.xcassets */; };
		3457F4D718C487F5001C4400 /* XCTest.framework in Frameworks */ = {isa = PBXBuildFile; fileRef = 3457F4D618C487F5001C4400 /* XCTest.framework */; };
		3457F4D818C487F5001C4400 /* Foundation.framework in Frameworks */ = {isa = PBXBuildFile; fileRef = 3457F4B718C487F4001C4400 /* Foundation.framework */; };
		3457F4D918C487F5001C4400 /* UIKit.framework in Frameworks */ = {isa = PBXBuildFile; fileRef = 3457F4BB18C487F5001C4400 /* UIKit.framework */; };
		3457F4E118C487F5001C4400 /* InfoPlist.strings in Resources */ = {isa = PBXBuildFile; fileRef = 3457F4DF18C487F5001C4400 /* InfoPlist.strings */; };
		3457F4E318C487F5001C4400 /* TestAppTests.m in Sources */ = {isa = PBXBuildFile; fileRef = 3457F4E218C487F5001C4400 /* TestAppTests.m */; };
		3457F4EE18C4883C001C4400 /* ViewController.m in Sources */ = {isa = PBXBuildFile; fileRef = 3457F4ED18C4883C001C4400 /* ViewController.m */; };
		3457F4F118C4886F001C4400 /* MainWindow.xib in Resources */ = {isa = PBXBuildFile; fileRef = 3457F4F018C4886F001C4400 /* MainWindow.xib */; };
		3457F4F518C488CC001C4400 /* MainViewController.m in Sources */ = {isa = PBXBuildFile; fileRef = 3457F4F318C488CC001C4400 /* MainViewController.m */; };
		3457F4F618C488CC001C4400 /* MainViewController.xib in Resources */ = {isa = PBXBuildFile; fileRef = 3457F4F418C488CC001C4400 /* MainViewController.xib */; };
		3457F4F918C49A75001C4400 /* RoomCell.m in Sources */ = {isa = PBXBuildFile; fileRef = 3457F4F818C49A75001C4400 /* RoomCell.m */; };
		3457F4FB18C49A85001C4400 /* RoomCell.xib in Resources */ = {isa = PBXBuildFile; fileRef = 3457F4FA18C49A85001C4400 /* RoomCell.xib */; };
/* End PBXBuildFile section */

/* Begin PBXContainerItemProxy section */
		3457F4DA18C487F5001C4400 /* PBXContainerItemProxy */ = {
			isa = PBXContainerItemProxy;
			containerPortal = 3457F4AC18C487F4001C4400 /* Project object */;
			proxyType = 1;
			remoteGlobalIDString = 3457F4B318C487F4001C4400;
			remoteInfo = TestApp;
		};
/* End PBXContainerItemProxy section */

/* Begin PBXFileReference section */
		3457F4B418C487F4001C4400 /* TestApp.app */ = {isa = PBXFileReference; explicitFileType = wrapper.application; includeInIndex = 0; path = TestApp.app; sourceTree = BUILT_PRODUCTS_DIR; };
		3457F4B718C487F4001C4400 /* Foundation.framework */ = {isa = PBXFileReference; lastKnownFileType = wrapper.framework; name = Foundation.framework; path = System/Library/Frameworks/Foundation.framework; sourceTree = SDKROOT; };
		3457F4B918C487F5001C4400 /* CoreGraphics.framework */ = {isa = PBXFileReference; lastKnownFileType = wrapper.framework; name = CoreGraphics.framework; path = System/Library/Frameworks/CoreGraphics.framework; sourceTree = SDKROOT; };
		3457F4BB18C487F5001C4400 /* UIKit.framework */ = {isa = PBXFileReference; lastKnownFileType = wrapper.framework; name = UIKit.framework; path = System/Library/Frameworks/UIKit.framework; sourceTree = SDKROOT; };
		3457F4BF18C487F5001C4400 /* TestApp-Info.plist */ = {isa = PBXFileReference; lastKnownFileType = text.plist.xml; path = "TestApp-Info.plist"; sourceTree = "<group>"; };
		3457F4C118C487F5001C4400 /* en */ = {isa = PBXFileReference; lastKnownFileType = text.plist.strings; name = en; path = en.lproj/InfoPlist.strings; sourceTree = "<group>"; };
		3457F4C318C487F5001C4400 /* main.m */ = {isa = PBXFileReference; lastKnownFileType = sourcecode.c.objc; path = main.m; sourceTree = "<group>"; };
		3457F4C518C487F5001C4400 /* TestApp-Prefix.pch */ = {isa = PBXFileReference; lastKnownFileType = sourcecode.c.h; path = "TestApp-Prefix.pch"; sourceTree = "<group>"; };
		3457F4C618C487F5001C4400 /* AppDelegate.h */ = {isa = PBXFileReference; lastKnownFileType = sourcecode.c.h; path = AppDelegate.h; sourceTree = "<group>"; };
		3457F4C718C487F5001C4400 /* AppDelegate.m */ = {isa = PBXFileReference; lastKnownFileType = sourcecode.c.objc; path = AppDelegate.m; sourceTree = "<group>"; };
		3457F4CA18C487F5001C4400 /* Base */ = {isa = PBXFileReference; lastKnownFileType = file.storyboard; name = Base; path = Base.lproj/Main.storyboard; sourceTree = "<group>"; };
		3457F4CF18C487F5001C4400 /* Images.xcassets */ = {isa = PBXFileReference; lastKnownFileType = folder.assetcatalog; path = Images.xcassets; sourceTree = "<group>"; };
		3457F4D518C487F5001C4400 /* TestAppTests.xctest */ = {isa = PBXFileReference; explicitFileType = wrapper.cfbundle; includeInIndex = 0; path = TestAppTests.xctest; sourceTree = BUILT_PRODUCTS_DIR; };
		3457F4D618C487F5001C4400 /* XCTest.framework */ = {isa = PBXFileReference; lastKnownFileType = wrapper.framework; name = XCTest.framework; path = Library/Frameworks/XCTest.framework; sourceTree = DEVELOPER_DIR; };
		3457F4DE18C487F5001C4400 /* TestAppTests-Info.plist */ = {isa = PBXFileReference; lastKnownFileType = text.plist.xml; path = "TestAppTests-Info.plist"; sourceTree = "<group>"; };
		3457F4E018C487F5001C4400 /* en */ = {isa = PBXFileReference; lastKnownFileType = text.plist.strings; name = en; path = en.lproj/InfoPlist.strings; sourceTree = "<group>"; };
		3457F4E218C487F5001C4400 /* TestAppTests.m */ = {isa = PBXFileReference; lastKnownFileType = sourcecode.c.objc; path = TestAppTests.m; sourceTree = "<group>"; };
		3457F4EC18C4883C001C4400 /* ViewController.h */ = {isa = PBXFileReference; fileEncoding = 4; lastKnownFileType = sourcecode.c.h; name = ViewController.h; path = Class/ViewController.h; sourceTree = "<group>"; };
		3457F4ED18C4883C001C4400 /* ViewController.m */ = {isa = PBXFileReference; fileEncoding = 4; lastKnownFileType = sourcecode.c.objc; name = ViewController.m; path = Class/ViewController.m; sourceTree = "<group>"; };
		3457F4F018C4886F001C4400 /* MainWindow.xib */ = {isa = PBXFileReference; fileEncoding = 4; lastKnownFileType = file.xib; path = MainWindow.xib; sourceTree = "<group>"; };
		3457F4F218C488CC001C4400 /* MainViewController.h */ = {isa = PBXFileReference; fileEncoding = 4; lastKnownFileType = sourcecode.c.h; name = MainViewController.h; path = Class/MainViewController.h; sourceTree = "<group>"; };
		3457F4F318C488CC001C4400 /* MainViewController.m */ = {isa = PBXFileReference; fileEncoding = 4; lastKnownFileType = sourcecode.c.objc; name = MainViewController.m; path = Class/MainViewController.m; sourceTree = "<group>"; };
		3457F4F418C488CC001C4400 /* MainViewController.xib */ = {isa = PBXFileReference; fileEncoding = 4; lastKnownFileType = file.xib; name = MainViewController.xib; path = Class/MainViewController.xib; sourceTree = "<group>"; };
		3457F4F718C49A75001C4400 /* RoomCell.h */ = {isa = PBXFileReference; fileEncoding = 4; lastKnownFileType = sourcecode.c.h; name = RoomCell.h; path = Class/RoomCell.h; sourceTree = "<group>"; };
		3457F4F818C49A75001C4400 /* RoomCell.m */ = {isa = PBXFileReference; fileEncoding = 4; lastKnownFileType = sourcecode.c.objc; name = RoomCell.m; path = Class/RoomCell.m; sourceTree = "<group>"; };
		3457F4FA18C49A85001C4400 /* RoomCell.xib */ = {isa = PBXFileReference; fileEncoding = 4; lastKnownFileType = file.xib; path = RoomCell.xib; sourceTree = "<group>"; };
/* End PBXFileReference section */

/* Begin PBXFrameworksBuildPhase section */
		3457F4B118C487F4001C4400 /* Frameworks */ = {
			isa = PBXFrameworksBuildPhase;
			buildActionMask = 2147483647;
			files = (
				3457F4BA18C487F5001C4400 /* CoreGraphics.framework in Frameworks */,
				3457F4BC18C487F5001C4400 /* UIKit.framework in Frameworks */,
				3457F4B818C487F5001C4400 /* Foundation.framework in Frameworks */,
			);
			runOnlyForDeploymentPostprocessing = 0;
		};
		3457F4D218C487F5001C4400 /* Frameworks */ = {
			isa = PBXFrameworksBuildPhase;
			buildActionMask = 2147483647;
			files = (
				3457F4D718C487F5001C4400 /* XCTest.framework in Frameworks */,
				3457F4D918C487F5001C4400 /* UIKit.framework in Frameworks */,
				3457F4D818C487F5001C4400 /* Foundation.framework in Frameworks */,
			);
			runOnlyForDeploymentPostprocessing = 0;
		};
/* End PBXFrameworksBuildPhase section */

/* Begin PBXGroup section */
		3457F4AB18C487F4001C4400 = {
			isa = PBXGroup;
			children = (
				3457F4BD18C487F5001C4400 /* TestApp */,
				3457F4DC18C487F5001C4400 /* TestAppTests */,
				3457F4B618C487F4001C4400 /* Frameworks */,
				3457F4B518C487F4001C4400 /* Products */,
			);
			sourceTree = "<group>";
		};
		3457F4B518C487F4001C4400 /* Products */ = {
			isa = PBXGroup;
			children = (
				3457F4B418C487F4001C4400 /* TestApp.app */,
				3457F4D518C487F5001C4400 /* TestAppTests.xctest */,
			);
			name = Products;
			sourceTree = "<group>";
		};
		3457F4B618C487F4001C4400 /* Frameworks */ = {
			isa = PBXGroup;
			children = (
				3457F4B718C487F4001C4400 /* Foundation.framework */,
				3457F4B918C487F5001C4400 /* CoreGraphics.framework */,
				3457F4BB18C487F5001C4400 /* UIKit.framework */,
				3457F4D618C487F5001C4400 /* XCTest.framework */,
			);
			name = Frameworks;
			sourceTree = "<group>";
		};
		3457F4BD18C487F5001C4400 /* TestApp */ = {
			isa = PBXGroup;
			children = (
				3457F4F718C49A75001C4400 /* RoomCell.h */,
				3457F4F818C49A75001C4400 /* RoomCell.m */,
				3457F4FA18C49A85001C4400 /* RoomCell.xib */,
				3457F4F218C488CC001C4400 /* MainViewController.h */,
				3457F4F318C488CC001C4400 /* MainViewController.m */,
				3457F4F418C488CC001C4400 /* MainViewController.xib */,
				3457F4EC18C4883C001C4400 /* ViewController.h */,
				3457F4ED18C4883C001C4400 /* ViewController.m */,
				3457F4C618C487F5001C4400 /* AppDelegate.h */,
				3457F4C718C487F5001C4400 /* AppDelegate.m */,
				3457F4C918C487F5001C4400 /* Main.storyboard */,
				3457F4CF18C487F5001C4400 /* Images.xcassets */,
				3457F4BE18C487F5001C4400 /* Supporting Files */,
			);
			path = TestApp;
			sourceTree = "<group>";
		};
		3457F4BE18C487F5001C4400 /* Supporting Files */ = {
			isa = PBXGroup;
			children = (
				3457F4EF18C4885F001C4400 /* Main Window */,
				3457F4BF18C487F5001C4400 /* TestApp-Info.plist */,
				3457F4C018C487F5001C4400 /* InfoPlist.strings */,
				3457F4C318C487F5001C4400 /* main.m */,
				3457F4C518C487F5001C4400 /* TestApp-Prefix.pch */,
			);
			name = "Supporting Files";
			sourceTree = "<group>";
		};
		3457F4DC18C487F5001C4400 /* TestAppTests */ = {
			isa = PBXGroup;
			children = (
				3457F4E218C487F5001C4400 /* TestAppTests.m */,
				3457F4DD18C487F5001C4400 /* Supporting Files */,
			);
			path = TestAppTests;
			sourceTree = "<group>";
		};
		3457F4DD18C487F5001C4400 /* Supporting Files */ = {
			isa = PBXGroup;
			children = (
				3457F4DE18C487F5001C4400 /* TestAppTests-Info.plist */,
				3457F4DF18C487F5001C4400 /* InfoPlist.strings */,
			);
			name = "Supporting Files";
			sourceTree = "<group>";
		};
		3457F4EF18C4885F001C4400 /* Main Window */ = {
			isa = PBXGroup;
			children = (
				3457F4F018C4886F001C4400 /* MainWindow.xib */,
			);
			name = "Main Window";
			path = "Supporting Files/Main Window";
			sourceTree = "<group>";
		};
/* End PBXGroup section */

/* Begin PBXNativeTarget section */
		3457F4B318C487F4001C4400 /* TestApp */ = {
			isa = PBXNativeTarget;
			buildConfigurationList = 3457F4E618C487F5001C4400 /* Build configuration list for PBXNativeTarget "TestApp" */;
			buildPhases = (
				3457F4B018C487F4001C4400 /* Sources */,
				3457F4B118C487F4001C4400 /* Frameworks */,
				3457F4B218C487F4001C4400 /* Resources */,
			);
			buildRules = (
			);
			dependencies = (
			);
			name = TestApp;
			productName = TestApp;
			productReference = 3457F4B418C487F4001C4400 /* TestApp.app */;
			productType = "com.apple.product-type.application";
		};
		3457F4D418C487F5001C4400 /* TestAppTests */ = {
			isa = PBXNativeTarget;
			buildConfigurationList = 3457F4E918C487F5001C4400 /* Build configuration list for PBXNativeTarget "TestAppTests" */;
			buildPhases = (
				3457F4D118C487F5001C4400 /* Sources */,
				3457F4D218C487F5001C4400 /* Frameworks */,
				3457F4D318C487F5001C4400 /* Resources */,
			);
			buildRules = (
			);
			dependencies = (
				3457F4DB18C487F5001C4400 /* PBXTargetDependency */,
			);
			name = TestAppTests;
			productName = TestAppTests;
			productReference = 3457F4D518C487F5001C4400 /* TestAppTests.xctest */;
			productType = "com.apple.product-type.bundle.unit-test";
		};
/* End PBXNativeTarget section */

/* Begin PBXProject section */
		3457F4AC18C487F4001C4400 /* Project object */ = {
			isa = PBXProject;
			attributes = {
				LastUpgradeCheck = 0500;
				ORGANIZATIONNAME = Test;
				TargetAttributes = {
					3457F4D418C487F5001C4400 = {
						TestTargetID = 3457F4B318C487F4001C4400;
					};
				};
			};
			buildConfigurationList = 3457F4AF18C487F4001C4400 /* Build configuration list for PBXProject "TestApp" */;
			compatibilityVersion = "Xcode 3.2";
			developmentRegion = English;
			hasScannedForEncodings = 0;
			knownRegions = (
				en,
				Base,
			);
			mainGroup = 3457F4AB18C487F4001C4400;
			productRefGroup = 3457F4B518C487F4001C4400 /* Products */;
			projectDirPath = "";
			projectRoot = "";
			targets = (
				3457F4B318C487F4001C4400 /* TestApp */,
				3457F4D418C487F5001C4400 /* TestAppTests */,
			);
		};
/* End PBXProject section */

/* Begin PBXResourcesBuildPhase section */
		3457F4B218C487F4001C4400 /* Resources */ = {
			isa = PBXResourcesBuildPhase;
			buildActionMask = 2147483647;
			files = (
				3457F4F118C4886F001C4400 /* MainWindow.xib in Resources */,
				3457F4D018C487F5001C4400 /* Images.xcassets in Resources */,
				3457F4FB18C49A85001C4400 /* RoomCell.xib in Resources */,
				3457F4F618C488CC001C4400 /* MainViewController.xib in Resources */,
				3457F4C218C487F5001C4400 /* InfoPlist.strings in Resources */,
				3457F4CB18C487F5001C4400 /* Main.storyboard in Resources */,
			);
			runOnlyForDeploymentPostprocessing = 0;
		};
		3457F4D318C487F5001C4400 /* Resources */ = {
			isa = PBXResourcesBuildPhase;
			buildActionMask = 2147483647;
			files = (
				3457F4E118C487F5001C4400 /* InfoPlist.strings in Resources */,
			);
			runOnlyForDeploymentPostprocessing = 0;
		};
/* End PBXResourcesBuildPhase section */

/* Begin PBXSourcesBuildPhase section */
		3457F4B018C487F4001C4400 /* Sources */ = {
			isa = PBXSourcesBuildPhase;
			buildActionMask = 2147483647;
			files = (
				3457F4EE18C4883C001C4400 /* ViewController.m in Sources */,
				3457F4C818C487F5001C4400 /* AppDelegate.m in Sources */,
				3457F4C418C487F5001C4400 /* main.m in Sources */,
				3457F4F518C488CC001C4400 /* MainViewController.m in Sources */,
				3457F4F918C49A75001C4400 /* RoomCell.m in Sources */,
			);
			runOnlyForDeploymentPostprocessing = 0;
		};
		3457F4D118C487F5001C4400 /* Sources */ = {
			isa = PBXSourcesBuildPhase;
			buildActionMask = 2147483647;
			files = (
				3457F4E318C487F5001C4400 /* TestAppTests.m in Sources */,
			);
			runOnlyForDeploymentPostprocessing = 0;
		};
/* End PBXSourcesBuildPhase section */

/* Begin PBXTargetDependency section */
		3457F4DB18C487F5001C4400 /* PBXTargetDependency */ = {
			isa = PBXTargetDependency;
			target = 3457F4B318C487F4001C4400 /* TestApp */;
			targetProxy = 3457F4DA18C487F5001C4400 /* PBXContainerItemProxy */;
		};
/* End PBXTargetDependency section */

/* Begin PBXVariantGroup section */
		3457F4C018C487F5001C4400 /* InfoPlist.strings */ = {
			isa = PBXVariantGroup;
			children = (
				3457F4C118C487F5001C4400 /* en */,
			);
			name = InfoPlist.strings;
			sourceTree = "<group>";
		};
		3457F4C918C487F5001C4400 /* Main.storyboard */ = {
			isa = PBXVariantGroup;
			children = (
				3457F4CA18C487F5001C4400 /* Base */,
			);
			name = Main.storyboard;
			sourceTree = "<group>";
		};
		3457F4DF18C487F5001C4400 /* InfoPlist.strings */ = {
			isa = PBXVariantGroup;
			children = (
				3457F4E018C487F5001C4400 /* en */,
			);
			name = InfoPlist.strings;
			sourceTree = "<group>";
		};
/* End PBXVariantGroup section */

/* Begin XCBuildConfiguration section */
		3457F4E418C487F5001C4400 /* Debug */ = {
			isa = XCBuildConfiguration;
			buildSettings = {
				ALWAYS_SEARCH_USER_PATHS = NO;
				ARCHS = "$(ARCHS_STANDARD_INCLUDING_64_BIT)";
				CLANG_CXX_LANGUAGE_STANDARD = "gnu++0x";
				CLANG_CXX_LIBRARY = "libc++";
				CLANG_ENABLE_MODULES = YES;
				CLANG_ENABLE_OBJC_ARC = YES;
				CLANG_WARN_BOOL_CONVERSION = YES;
				CLANG_WARN_CONSTANT_CONVERSION = YES;
				CLANG_WARN_DIRECT_OBJC_ISA_USAGE = YES_ERROR;
				CLANG_WARN_EMPTY_BODY = YES;
				CLANG_WARN_ENUM_CONVERSION = YES;
				CLANG_WARN_INT_CONVERSION = YES;
				CLANG_WARN_OBJC_ROOT_CLASS = YES_ERROR;
				CLANG_WARN__DUPLICATE_METHOD_MATCH = YES;
				"CODE_SIGN_IDENTITY[sdk=iphoneos*]" = "iPhone Developer";
				COPY_PHASE_STRIP = NO;
				GCC_C_LANGUAGE_STANDARD = gnu99;
				GCC_DYNAMIC_NO_PIC = NO;
				GCC_OPTIMIZATION_LEVEL = 0;
				GCC_PREPROCESSOR_DEFINITIONS = (
					"DEBUG=1",
					"$(inherited)",
				);
				GCC_SYMBOLS_PRIVATE_EXTERN = NO;
				GCC_WARN_64_TO_32_BIT_CONVERSION = YES;
				GCC_WARN_ABOUT_RETURN_TYPE = YES_ERROR;
				GCC_WARN_UNDECLARED_SELECTOR = YES;
				GCC_WARN_UNINITIALIZED_AUTOS = YES;
				GCC_WARN_UNUSED_FUNCTION = YES;
				GCC_WARN_UNUSED_VARIABLE = YES;
				IPHONEOS_DEPLOYMENT_TARGET = 7.0;
				ONLY_ACTIVE_ARCH = YES;
				SDKROOT = iphoneos;
			};
			name = Debug;
		};
		3457F4E518C487F5001C4400 /* Release */ = {
			isa = XCBuildConfiguration;
			buildSettings = {
				ALWAYS_SEARCH_USER_PATHS = NO;
				ARCHS = "$(ARCHS_STANDARD_INCLUDING_64_BIT)";
				CLANG_CXX_LANGUAGE_STANDARD = "gnu++0x";
				CLANG_CXX_LIBRARY = "libc++";
				CLANG_ENABLE_MODULES = YES;
				CLANG_ENABLE_OBJC_ARC = YES;
				CLANG_WARN_BOOL_CONVERSION = YES;
				CLANG_WARN_CONSTANT_CONVERSION = YES;
				CLANG_WARN_DIRECT_OBJC_ISA_USAGE = YES_ERROR;
				CLANG_WARN_EMPTY_BODY = YES;
				CLANG_WARN_ENUM_CONVERSION = YES;
				CLANG_WARN_INT_CONVERSION = YES;
				CLANG_WARN_OBJC_ROOT_CLASS = YES_ERROR;
				CLANG_WARN__DUPLICATE_METHOD_MATCH = YES;
				"CODE_SIGN_IDENTITY[sdk=iphoneos*]" = "iPhone Developer";
				COPY_PHASE_STRIP = YES;
				ENABLE_NS_ASSERTIONS = NO;
				GCC_C_LANGUAGE_STANDARD = gnu99;
				GCC_WARN_64_TO_32_BIT_CONVERSION = YES;
				GCC_WARN_ABOUT_RETURN_TYPE = YES_ERROR;
				GCC_WARN_UNDECLARED_SELECTOR = YES;
				GCC_WARN_UNINITIALIZED_AUTOS = YES;
				GCC_WARN_UNUSED_FUNCTION = YES;
				GCC_WARN_UNUSED_VARIABLE = YES;
				IPHONEOS_DEPLOYMENT_TARGET = 7.0;
				SDKROOT = iphoneos;
				VALIDATE_PRODUCT = YES;
			};
			name = Release;
		};
		3457F4E718C487F5001C4400 /* Debug */ = {
			isa = XCBuildConfiguration;
			buildSettings = {
				ASSETCATALOG_COMPILER_APPICON_NAME = AppIcon;
				ASSETCATALOG_COMPILER_LAUNCHIMAGE_NAME = LaunchImage;
				CLANG_ENABLE_OBJC_ARC = NO;
				GCC_PRECOMPILE_PREFIX_HEADER = YES;
				GCC_PREFIX_HEADER = "TestApp/TestApp-Prefix.pch";
				INFOPLIST_FILE = "TestApp/TestApp-Info.plist";
				PRODUCT_NAME = "$(TARGET_NAME)";
				WRAPPER_EXTENSION = app;
			};
			name = Debug;
		};
		3457F4E818C487F5001C4400 /* Release */ = {
			isa = XCBuildConfiguration;
			buildSettings = {
				ASSETCATALOG_COMPILER_APPICON_NAME = AppIcon;
				ASSETCATALOG_COMPILER_LAUNCHIMAGE_NAME = LaunchImage;
				CLANG_ENABLE_OBJC_ARC = NO;
				GCC_PRECOMPILE_PREFIX_HEADER = YES;
				GCC_PREFIX_HEADER = "TestApp/TestApp-Prefix.pch";
				INFOPLIST_FILE = "TestApp/TestApp-Info.plist";
				PRODUCT_NAME = "$(TARGET_NAME)";
				WRAPPER_EXTENSION = app;
			};
			name = Release;
		};
		3457F4EA18C487F5001C4400 /* Debug */ = {
			isa = XCBuildConfiguration;
			buildSettings = {
				ARCHS = "$(ARCHS_STANDARD_INCLUDING_64_BIT)";
				BUNDLE_LOADER = "$(BUILT_PRODUCTS_DIR)/TestApp.app/TestApp";
				FRAMEWORK_SEARCH_PATHS = (
					"$(SDKROOT)/Developer/Library/Frameworks",
					"$(inherited)",
					"$(DEVELOPER_FRAMEWORKS_DIR)",
				);
				GCC_PRECOMPILE_PREFIX_HEADER = YES;
				GCC_PREFIX_HEADER = "TestApp/TestApp-Prefix.pch";
				GCC_PREPROCESSOR_DEFINITIONS = (
					"DEBUG=1",
					"$(inherited)",
				);
				INFOPLIST_FILE = "TestAppTests/TestAppTests-Info.plist";
				PRODUCT_NAME = "$(TARGET_NAME)";
				TEST_HOST = "$(BUNDLE_LOADER)";
				WRAPPER_EXTENSION = xctest;
			};
			name = Debug;
		};
		3457F4EB18C487F5001C4400 /* Release */ = {
			isa = XCBuildConfiguration;
			buildSettings = {
				ARCHS = "$(ARCHS_STANDARD_INCLUDING_64_BIT)";
				BUNDLE_LOADER = "$(BUILT_PRODUCTS_DIR)/TestApp.app/TestApp";
				FRAMEWORK_SEARCH_PATHS = (
					"$(SDKROOT)/Developer/Library/Frameworks",
					"$(inherited)",
					"$(DEVELOPER_FRAMEWORKS_DIR)",
				);
				GCC_PRECOMPILE_PREFIX_HEADER = YES;
				GCC_PREFIX_HEADER = "TestApp/TestApp-Prefix.pch";
				INFOPLIST_FILE = "TestAppTests/TestAppTests-Info.plist";
				PRODUCT_NAME = "$(TARGET_NAME)";
				TEST_HOST = "$(BUNDLE_LOADER)";
				WRAPPER_EXTENSION = xctest;
			};
			name = Release;
		};
/* End XCBuildConfiguration section */

/* Begin XCConfigurationList section */
		3457F4AF18C487F4001C4400 /* Build configuration list for PBXProject "TestApp" */ = {
			isa = XCConfigurationList;
			buildConfigurations = (
				3457F4E418C487F5001C4400 /* Debug */,
				3457F4E518C487F5001C4400 /* Release */,
			);
			defaultConfigurationIsVisible = 0;
			defaultConfigurationName = Release;
		};
		3457F4E618C487F5001C4400 /* Build configuration list for PBXNativeTarget "TestApp" */ = {
			isa = XCConfigurationList;
			buildConfigurations = (
				3457F4E718C487F5001C4400 /* Debug */,
				3457F4E818C487F5001C4400 /* Release */,
			);
			defaultConfigurationIsVisible = 0;
		};
		3457F4E918C487F5001C4400 /* Build configuration list for PBXNativeTarget "TestAppTests" */ = {
			isa = XCConfigurationList;
			buildConfigurations = (
				3457F4EA18C487F5001C4400 /* Debug */,
				3457F4EB18C487F5001C4400 /* Release */,
			);
			defaultConfigurationIsVisible = 0;
		};
/* End XCConfigurationList section */
	};
	rootObject = 3457F4AC18C487F4001C4400 /* Project object */;
}
